
Microsoft Visual Studio Solution File, Format Version 12.00
# Visual Studio Version 16
VisualStudioVersion = 16.0.30907.101
MinimumVisualStudioVersion = 10.0.40219.1
Project("{FAE04EC0-301F-11D3-BF4B-00C04F79EFBC}") = "DataAccess", "DataAccess\DataAccess.csproj", "{5215A4F2-F41B-41E5-B744-A952B9294EBA}"
EndProject
Project("{FAE04EC0-301F-11D3-BF4B-00C04F79EFBC}") = "Business", "Business\Business.csproj", "{A3D929AA-2D74-42C8-A820-9CFEB75E2E98}"
EndProject
Project("{FAE04EC0-301F-11D3-BF4B-00C04F79EFBC}") = "Entities", "Entities\Entities.csproj", "{B9809666-970F-486D-BB18-D2F893AA7F49}"
EndProject
Project("{FAE04EC0-301F-11D3-BF4B-00C04F79EFBC}") = "ConsoleUI", "ConsoleUI\ConsoleUI.csproj", "{1549F6D5-EAAD-48F4-A231-E1023324EE9C}"
EndProject
Global
	GlobalSection(SolutionConfigurationPlatforms) = preSolution
		Debug|Any CPU = Debug|Any CPU
		Release|Any CPU = Release|Any CPU
	EndGlobalSection
	GlobalSection(ProjectConfigurationPlatforms) = postSolution
		{5215A4F2-F41B-41E5-B744-A952B9294EBA}.Debug|Any CPU.ActiveCfg = Debug|Any CPU
		{5215A4F2-F41B-41E5-B744-A952B9294EBA}.Debug|Any CPU.Build.0 = Debug|Any CPU
		{5215A4F2-F41B-41E5-B744-A952B9294EBA}.Release|Any CPU.ActiveCfg = Release|Any CPU
		{5215A4F2-F41B-41E5-B744-A952B9294EBA}.Release|Any CPU.Build.0 = Release|Any CPU
		{A3D929AA-2D74-42C8-A820-9CFEB75E2E98}.Debug|Any CPU.ActiveCfg = Debug|Any CPU
		{A3D929AA-2D74-42C8-A820-9CFEB75E2E98}.Debug|Any CPU.Build.0 = Debug|Any CPU
		{A3D929AA-2D74-42C8-A820-9CFEB75E2E98}.Release|Any CPU.ActiveCfg = Release|Any CPU
		{A3D929AA-2D74-42C8-A820-9CFEB75E2E98}.Release|Any CPU.Build.0 = Release|Any CPU
		{B9809666-970F-486D-BB18-D2F893AA7F49}.Debug|Any CPU.ActiveCfg = Debug|Any CPU
		{B9809666-970F-486D-BB18-D2F893AA7F49}.Debug|Any CPU.Build.0 = Debug|Any CPU
		{B9809666-970F-486D-BB18-D2F893AA7F49}.Release|Any CPU.ActiveCfg = Release|Any CPU
		{B9809666-970F-486D-BB18-D2F893AA7F49}.Release|Any CPU.Build.0 = Release|Any CPU
		{1549F6D5-EAAD-48F4-A231-E1023324EE9C}.Debug|Any CPU.ActiveCfg = Debug|Any CPU
		{1549F6D5-EAAD-48F4-A231-E1023324EE9C}.Debug|Any CPU.Build.0 = Debug|Any CPU
		{1549F6D5-EAAD-48F4-A231-E1023324EE9C}.Release|Any CPU.ActiveCfg = Release|Any CPU
		{1549F6D5-EAAD-48F4-A231-E1023324EE9C}.Release|Any CPU.Build.0 = Release|Any CPU
	EndGlobalSection
	GlobalSection(SolutionProperties) = preSolution
		HideSolutionNode = FALSE
	EndGlobalSection
	GlobalSection(ExtensibilityGlobals) = postSolution
		SolutionGuid = {24B4A324-8034-4045-A111-B7A0CE27C909}
	EndGlobalSection
EndGlobal
